
Microsoft Visual Studio Solution File, Format Version 12.00
# Visual Studio 2012
Project("{FAE04EC0-301F-11D3-BF4B-00C04F79EFBC}") = "Yak", "Yak\Yak.csproj", "{FDBFAE45-6059-4E87-BEFB-346F040286E7}"
EndProject
Project("{FAE04EC0-301F-11D3-BF4B-00C04F79EFBC}") = "Yak.Test", "Yak.Test\Yak.Test.csproj", "{593F2D94-EFB1-4437-A5EF-BFA105EA247D}"
EndProject
Global
	GlobalSection(SolutionConfigurationPlatforms) = preSolution
		Debug|Any CPU = Debug|Any CPU
		Release|Any CPU = Release|Any CPU
	EndGlobalSection
	GlobalSection(ProjectConfigurationPlatforms) = postSolution
		{FDBFAE45-6059-4E87-BEFB-346F040286E7}.Debug|Any CPU.ActiveCfg = Debug|Any CPU
		{FDBFAE45-6059-4E87-BEFB-346F040286E7}.Debug|Any CPU.Build.0 = Debug|Any CPU
		{FDBFAE45-6059-4E87-BEFB-346F040286E7}.Release|Any CPU.ActiveCfg = Release|Any CPU
		{FDBFAE45-6059-4E87-BEFB-346F040286E7}.Release|Any CPU.Build.0 = Release|Any CPU
		{593F2D94-EFB1-4437-A5EF-BFA105EA247D}.Debug|Any CPU.ActiveCfg = Debug|Any CPU
		{593F2D94-EFB1-4437-A5EF-BFA105EA247D}.Debug|Any CPU.Build.0 = Debug|Any CPU
		{593F2D94-EFB1-4437-A5EF-BFA105EA247D}.Release|Any CPU.ActiveCfg = Release|Any CPU
		{593F2D94-EFB1-4437-A5EF-BFA105EA247D}.Release|Any CPU.Build.0 = Release|Any CPU
	EndGlobalSection
	GlobalSection(SolutionProperties) = preSolution
		HideSolutionNode = FALSE
	EndGlobalSection
EndGlobal
